<?xml version="1.0" encoding="utf-8"?>
<Project DefaultTargets="Build" ToolsVersion="4.0" xmlns="http://schemas.microsoft.com/developer/msbuild/2003">
  <PropertyGroup>
    <Configuration Condition=" '$(Configuration)' == '' ">Debug</Configuration>
    <Platform Condition=" '$(Platform)' == '' ">AnyCPU</Platform>
    <ProductVersion>8.0.30703</ProductVersion>
    <SchemaVersion>2.0</SchemaVersion>
    <ProjectGuid>{B60FC8A9-A4FF-46B4-917C-70A215787704}</ProjectGuid>
    <UseDefaultCompiler>true</UseDefaultCompiler>
    <IncrementalLinking>true</IncrementalLinking>
    <PreferOneStepBuild>true</PreferOneStepBuild>
    <Compiler>DMD2</Compiler>
    <BaseDirectory>..</BaseDirectory>
    <Includes>
      <Includes>
        <Path>..\..</Path>
      </Includes>
    </Includes>
  </PropertyGroup>
  <PropertyGroup Condition=" '$(Configuration)|$(Platform)' == 'Debug|AnyCPU' ">
    <DebugSymbols>true</DebugSymbols>
    <OutputPath>bin\Debug</OutputPath>
    <LinkinThirdPartyLibraries>false</LinkinThirdPartyLibraries>
    <ObjectsDirectory>obj\Debug</ObjectsDirectory>
    <DebugLevel>0</DebugLevel>
    <UnittestMode>false</UnittestMode>
    <Externalconsole>true</Externalconsole>
    <Target>StaticLibrary</Target>
    <OutputName>libdxi</OutputName>
    <VersionIds>
      <VersionIds>
        <String>DX11_1</String>
      </VersionIds>
    </VersionIds>
    <ExtraLinkerArguments>-v</ExtraLinkerArguments>
  </PropertyGroup>
  <PropertyGroup Condition=" '$(Configuration)|$(Platform)' == 'Release|AnyCPU' ">
    <OutputPath>bin\Release</OutputPath>
    <LinkinThirdPartyLibraries>false</LinkinThirdPartyLibraries>
    <ObjectsDirectory>obj\Release</ObjectsDirectory>
    <DebugLevel>0</DebugLevel>
    <UnittestMode>false</UnittestMode>
    <Externalconsole>true</Externalconsole>
    <Target>StaticLibrary</Target>
    <OutputName>libdxi</OutputName>
    <VersionIds>
      <VersionIds>
        <String>DX11_1</String>
      </VersionIds>
    </VersionIds>
    <ExtraLinkerArguments>-v</ExtraLinkerArguments>
  </PropertyGroup>
  <PropertyGroup Condition=" '$(Configuration)|$(Platform)' == 'Unittest|AnyCPU' ">
    <DebugSymbols>true</DebugSymbols>
    <OutputPath>bin\Unittest</OutputPath>
    <LinkinThirdPartyLibraries>false</LinkinThirdPartyLibraries>
    <ObjectsDirectory>obj\Unittest</ObjectsDirectory>
    <DebugLevel>0</DebugLevel>
    <UnittestMode>true</UnittestMode>
    <Externalconsole>true</Externalconsole>
    <Target>Executable</Target>
    <OutputName>libdxi</OutputName>
    <ExtraLinkerArguments>-v</ExtraLinkerArguments>
  </PropertyGroup>
  <ItemGroup>
    <Compile Include="..\com.d">
      <Link>com.d</Link>
    </Compile>
    <Compile Include="..\dxgi.d">
      <Link>dxgi.d</Link>
    </Compile>
    <Compile Include="..\d2d1.d">
      <Link>d2d1.d</Link>
    </Compile>
    <Compile Include="..\dwrite.d">
      <Link>dwrite.d</Link>
    </Compile>
    <Compile Include="..\config.d">
      <Link>config.d</Link>
    </Compile>
    <Compile Include="..\package.d" />
    <Compile Include="..\wic.d" />
    <Compile Include="..\d3d11.d" />
  </ItemGroup>
</Project>